{
  "name": "advent-of-code-2023",
  "version": "1.0.0",
  "lockfileVersion": 3,
  "requires": true,
  "packages": {
    "": {
      "name": "advent-of-code-2023",
      "version": "1.0.0",
      "license": "ISC",
      "dependencies": {
        "performance": "^1.4.0",
        "prompt-sync": "^4.2.0"
      }
    },
    "node_modules/ansi-regex": {
      "version": "4.1.1",
      "resolved": "https://registry.npmjs.org/ansi-regex/-/ansi-regex-4.1.1.tgz",
      "integrity": "sha512-ILlv4k/3f6vfQ4OoP2AGvirOktlQ98ZEL1k9FaQjxa3L1abBgbuTDAdPOpvbGncC0BTVQrl+OM8xZGK6tWXt7g==",
      "engines": {
        "node": ">=6"
      }
    },
    "node_modules/performance": {
      "version": "1.4.0",
      "resolved": "https://registry.npmjs.org/performance/-/performance-1.4.0.tgz",
      "integrity": "sha512-0e98N5lSIe7Nuts/4MW/6D1q+c5qT74yEv/t/TneeFeGl5wgoaiDzQPSvNL/Qe5vFFRvQsqHCrv83Y4GB33Xnw==",
      "dependencies": {
        "stdio": "*",
        "testing": "*"
      },
      "bin": {
        "performance": "bin/performance.js"
      },
      "engines": {
        "node": "*"
      }
    },
    "node_modules/prompt-sync": {
      "version": "4.2.0",
      "resolved": "https://registry.npmjs.org/prompt-sync/-/prompt-sync-4.2.0.tgz",
      "integrity": "sha512-BuEzzc5zptP5LsgV5MZETjDaKSWfchl5U9Luiu8SKp7iZWD5tZalOxvNcZRwv+d2phNFr8xlbxmFNcRKfJOzJw==",
      "dependencies": {
        "strip-ansi": "^5.0.0"
      }
    },
    "node_modules/stdio": {
      "version": "2.1.1",
      "resolved": "https://registry.npmjs.org/stdio/-/stdio-2.1.1.tgz",
      "integrity": "sha512-ZHO7SD10nZnc2pMN85MPPTCKutXPKH+7Z50B7zt/JRNAHXLbI3BidMc9HFD/j2VupZ8lQdSVJB0ebZSVXC6uXw=="
    },
    "node_modules/strip-ansi": {
      "version": "5.2.0",
      "resolved": "https://registry.npmjs.org/strip-ansi/-/strip-ansi-5.2.0.tgz",
      "integrity": "sha512-DuRs1gKbBqsMKIZlrffwlug8MHkcnpjs5VPmL1PAh+mA30U0DTotfDZ0d2UUsXpPmPmMMJ6W773MaA3J+lbiWA==",
      "dependencies": {
        "ansi-regex": "^4.1.0"
      },
      "engines": {
        "node": ">=6"
      }
    },
    "node_modules/testing": {
      "version": "3.1.0",
      "resolved": "https://registry.npmjs.org/testing/-/testing-3.1.0.tgz",
      "integrity": "sha512-CJXhYndfyUrznQOGeRb1snX0NYAqt54Rux9hrbcEqCeV9Omrq/vBkFw0J80XEsJ7vWNRI0g564l58UZgEHQFEA==",
      "engines": {
        "node": ">16"
      }
    }
  }
}
